{
  "lockfileVersion": 1,
  "workspaces": {
    "": {
      "name": "money-tracker-be",
      "dependencies": {
        "@supabase/supabase-js": "^2.75.1",
        "elysia": "^1.3.15",
        "zod": "^4.1.12",
      },
      "devDependencies": {
        "bun-types": "latest",
      },
      "peerDependencies": {
        "typescript": "^5",
      },
    },
  },
  "packages": {
    "@sinclair/typebox": ["@sinclair/typebox@0.34.41", "", {}, "sha512-6gS8pZzSXdyRHTIqoqSVknxolr1kzfy4/CeDnrzsVz8TTIWUbOBr6gnzOmTYJ3eXQNh4IYHIGi5aIL7sOZ2G/g=="],

    "@supabase/auth-js": ["@supabase/auth-js@2.75.1", "", { "dependencies": { "@supabase/node-fetch": "2.6.15" } }, "sha512-zktlxtXstQuVys/egDpVsargD9hQtG20CMdtn+mMn7d2Ulkzy2tgUT5FUtpppvCJtd9CkhPHO/73rvi5W6Am5A=="],

    "@supabase/functions-js": ["@supabase/functions-js@2.75.1", "", { "dependencies": { "@supabase/node-fetch": "2.6.15" } }, "sha512-xO+01SUcwVmmo67J7Htxq8FmhkYLFdWkxfR/taxBOI36wACEUNQZmroXGPl4PkpYxBO7TaDsRHYGxUpv9zTKkg=="],

    "@supabase/node-fetch": ["@supabase/node-fetch@2.6.15", "", { "dependencies": { "whatwg-url": "^5.0.0" } }, "sha512-1ibVeYUacxWYi9i0cf5efil6adJ9WRyZBLivgjs+AUpewx1F3xPi7gLgaASI2SmIQxPoCEjAsLAzKPgMJVgOUQ=="],

    "@supabase/postgrest-js": ["@supabase/postgrest-js@2.75.1", "", { "dependencies": { "@supabase/node-fetch": "2.6.15" } }, "sha512-FiYBD0MaKqGW8eo4Xqu7/100Xm3ddgh+3qHtqS18yQRoglJTFRQCJzY1xkrGS0JFHE2YnbjL6XCiOBXiG8DK4Q=="],

    "@supabase/realtime-js": ["@supabase/realtime-js@2.75.1", "", { "dependencies": { "@supabase/node-fetch": "2.6.15", "@types/phoenix": "^1.6.6", "@types/ws": "^8.18.1", "ws": "^8.18.2" } }, "sha512-lBIJ855bUsBFScHA/AY+lxIFkubduUvmwbagbP1hq0wDBNAsYdg3ql80w8YmtXCDjkCwlE96SZqcFn7BGKKJKQ=="],

    "@supabase/storage-js": ["@supabase/storage-js@2.75.1", "", { "dependencies": { "@supabase/node-fetch": "2.6.15" } }, "sha512-WdGEhroflt5O398Yg3dpf1uKZZ6N3CGloY9iGsdT873uWbkQKoP0wG8mtx98dh0fhj6dAlzBqOAvnlV12cJfzA=="],

    "@supabase/supabase-js": ["@supabase/supabase-js@2.75.1", "", { "dependencies": { "@supabase/auth-js": "2.75.1", "@supabase/functions-js": "2.75.1", "@supabase/node-fetch": "2.6.15", "@supabase/postgrest-js": "2.75.1", "@supabase/realtime-js": "2.75.1", "@supabase/storage-js": "2.75.1" } }, "sha512-GEPVBvjQimcMd9z5K1eTKTixTRb6oVbudoLQ9JKqTUJnR6GQdBU4OifFZean1AnHfsQwtri1fop2OWwsMv019w=="],

    "@types/node": ["@types/node@24.8.0", "", { "dependencies": { "undici-types": "~7.14.0" } }, "sha512-5x08bUtU8hfboMTrJ7mEO4CpepS9yBwAqcL52y86SWNmbPX8LVbNs3EP4cNrIZgdjk2NAlP2ahNihozpoZIxSg=="],

    "@types/phoenix": ["@types/phoenix@1.6.6", "", {}, "sha512-PIzZZlEppgrpoT2QgbnDU+MMzuR6BbCjllj0bM70lWoejMeNJAxCchxnv7J3XFkI8MpygtRpzXrIlmWUBclP5A=="],

    "@types/react": ["@types/react@19.2.2", "", { "dependencies": { "csstype": "^3.0.2" } }, "sha512-6mDvHUFSjyT2B2yeNx2nUgMxh9LtOWvkhIU3uePn2I2oyNymUAX1NIsdgviM4CH+JSrp2D2hsMvJOkxY+0wNRA=="],

    "@types/ws": ["@types/ws@8.18.1", "", { "dependencies": { "@types/node": "*" } }, "sha512-ThVF6DCVhA8kUGy+aazFQ4kXQ7E1Ty7A3ypFOe0IcJV8O/M511G99AW24irKrW56Wt44yG9+ij8FaqoBGkuBXg=="],

    "bun-types": ["bun-types@1.3.0", "", { "dependencies": { "@types/node": "*" }, "peerDependencies": { "@types/react": "^19" } }, "sha512-u8X0thhx+yJ0KmkxuEo9HAtdfgCBaM/aI9K90VQcQioAmkVp3SG3FkwWGibUFz3WdXAdcsqOcbU40lK7tbHdkQ=="],

    "cookie": ["cookie@1.0.2", "", {}, "sha512-9Kr/j4O16ISv8zBBhJoi4bXOYNTkFLOqSL3UDB0njXxCXNezjeyVrJyGOWtgfs/q2km1gwBcfH8q1yEGoMYunA=="],

    "csstype": ["csstype@3.1.3", "", {}, "sha512-M1uQkMl8rQK/szD0LNhtqxIPLpimGm8sOBwU7lLnCpSbTyY3yeU1Vc7l4KT5zT4s/yOxHH5O7tIuuLOCnLADRw=="],

    "elysia": ["elysia@1.2.0-rc.3", "", { "dependencies": { "@sinclair/typebox": "^0.34.7", "cookie": "^1.0.1", "fast-decode-uri-component": "^1.0.1", "memoirist": "^0.2.0", "openapi-types": "^12.1.3" }, "peerDependencies": { "typescript": ">= 5.0.0" }, "optionalPeers": ["typescript"] }, "sha512-fxOtnYEFgEzbK/4Th78yrYv0cfoOcS3kR8GLJUMU2HmEFGyFCJaj5fpiyzUeBI9uujmAreLQ+hUw9HX4JQCSPQ=="],

    "fast-decode-uri-component": ["fast-decode-uri-component@1.0.1", "", {}, "sha512-WKgKWg5eUxvRZGwW8FvfbaH7AXSh2cL+3j5fMGzUMCxWBJ3dV3a7Wz8y2f/uQ0e3B6WmodD3oS54jTQ9HVTIIg=="],

    "memoirist": ["memoirist@0.2.0", "", {}, "sha512-DA1V11OWsKmYjgYHfT1luus0FtTjUbILfI9s5M+ckK29tBLON6GDhH5GwxDz7E1ou4Bdzm9vhbeCaRAWxwG+0g=="],

    "openapi-types": ["openapi-types@12.1.3", "", {}, "sha512-N4YtSYJqghVu4iek2ZUvcN/0aqH1kRDuNqzcycDxhOUpg7GdvLa2F3DgS6yBNhInhv2r/6I0Flkn7CqL8+nIcw=="],

    "tr46": ["tr46@0.0.3", "", {}, "sha512-N3WMsuqV66lT30CrXNbEjx4GEwlow3v6rr4mCcv6prnfwhS01rkgyFdjPNBYd9br7LpXV1+Emh01fHnq2Gdgrw=="],

    "typescript": ["typescript@5.9.3", "", { "bin": { "tsc": "bin/tsc", "tsserver": "bin/tsserver" } }, "sha512-jl1vZzPDinLr9eUt3J/t7V6FgNEw9QjvBPdysz9KfQDD41fQrC2Y4vKQdiaUpFT4bXlb1RHhLpp8wtm6M5TgSw=="],

    "undici-types": ["undici-types@7.14.0", "", {}, "sha512-QQiYxHuyZ9gQUIrmPo3IA+hUl4KYk8uSA7cHrcKd/l3p1OTpZcM0Tbp9x7FAtXdAYhlasd60ncPpgu6ihG6TOA=="],

    "webidl-conversions": ["webidl-conversions@3.0.1", "", {}, "sha512-2JAn3z8AR6rjK8Sm8orRC0h/bcl/DqL7tRPdGZ4I1CjdF+EaMLmYxBHyXuKL849eucPFhvBoxMsflfOb8kxaeQ=="],

    "whatwg-url": ["whatwg-url@5.0.0", "", { "dependencies": { "tr46": "~0.0.3", "webidl-conversions": "^3.0.0" } }, "sha512-saE57nupxk6v3HY35+jzBwYa0rKSy0XR8JSxZPwgLr7ys0IBzhGviA1/TUGJLmSVqs8pb9AnvICXEuOHLprYTw=="],

    "ws": ["ws@8.18.3", "", { "peerDependencies": { "bufferutil": "^4.0.1", "utf-8-validate": ">=5.0.2" }, "optionalPeers": ["bufferutil", "utf-8-validate"] }, "sha512-PEIGCY5tSlUt50cqyMXfCzX+oOPqN0vuGqWzbcJ2xvnkzkq46oOpz7dQaTDBdfICb4N14+GARUDw2XV2N4tvzg=="],

    "zod": ["zod@4.1.12", "", {}, "sha512-JInaHOamG8pt5+Ey8kGmdcAcg3OL9reK8ltczgHTAwNhMys/6ThXHityHxVV2p3fkw/c+MAvBHFVYHFZDmjMCQ=="],
  }
}
